
Microsoft Visual Studio Solution File, Format Version 12.00
# Visual Studio Version 17
VisualStudioVersion = 17.14.36301.6 d17.14
MinimumVisualStudioVersion = 10.0.40219.1
Project("{FAE04EC0-301F-11D3-BF4B-00C04F79EFBC}") = "FileShotgunMcpServer", "FileShotgunMcpServer\FileShotgunMcpServer.csproj", "{8EB4AFE1-281A-4F0C-AD89-F22C8D920EDA}"
EndProject
Global
	GlobalSection(SolutionConfigurationPlatforms) = preSolution
		Debug|Any CPU = Debug|Any CPU
		Release|Any CPU = Release|Any CPU
	EndGlobalSection
	GlobalSection(ProjectConfigurationPlatforms) = postSolution
		{8EB4AFE1-281A-4F0C-AD89-F22C8D920EDA}.Debug|Any CPU.ActiveCfg = Debug|Any CPU
		{8EB4AFE1-281A-4F0C-AD89-F22C8D920EDA}.Debug|Any CPU.Build.0 = Debug|Any CPU
		{8EB4AFE1-281A-4F0C-AD89-F22C8D920EDA}.Release|Any CPU.ActiveCfg = Release|Any CPU
		{8EB4AFE1-281A-4F0C-AD89-F22C8D920EDA}.Release|Any CPU.Build.0 = Release|Any CPU
	EndGlobalSection
	GlobalSection(SolutionProperties) = preSolution
		HideSolutionNode = FALSE
	EndGlobalSection
	GlobalSection(ExtensibilityGlobals) = postSolution
		SolutionGuid = {4EE9B758-9A40-4E3B-9A34-B2F98A2D0E1C}
	EndGlobalSection
EndGlobal
